
Microsoft Visual Studio Solution File, Format Version 12.00
# Visual Studio Version 17
VisualStudioVersion = 17.1.32228.430
MinimumVisualStudioVersion = 10.0.40219.1
Project("{888888A0-9F3D-457C-B088-3A5042F75D52}") = "Multifilter", "Multifilter\Multifilter.pyproj", "{C3C86C37-609F-4112-A5B5-0869B48C7108}"
EndProject
Global
	GlobalSection(SolutionConfigurationPlatforms) = preSolution
		Debug|Any CPU = Debug|Any CPU
		Release|Any CPU = Release|Any CPU
	EndGlobalSection
	GlobalSection(ProjectConfigurationPlatforms) = postSolution
		{C3C86C37-609F-4112-A5B5-0869B48C7108}.Debug|Any CPU.ActiveCfg = Debug|Any CPU
		{C3C86C37-609F-4112-A5B5-0869B48C7108}.Release|Any CPU.ActiveCfg = Release|Any CPU
	EndGlobalSection
	GlobalSection(SolutionProperties) = preSolution
		HideSolutionNode = FALSE
	EndGlobalSection
	GlobalSection(ExtensibilityGlobals) = postSolution
		SolutionGuid = {F2DA308B-E4D5-4524-B964-F17053F02CA4}
	EndGlobalSection
EndGlobal
