
Microsoft Visual Studio Solution File, Format Version 12.00
# Visual Studio Version 17
VisualStudioVersion = 17.1.32228.430
MinimumVisualStudioVersion = 10.0.40219.1
Project("{888888A0-9F3D-457C-B088-3A5042F75D52}") = "System_test", "System_test\System_test.pyproj", "{2ECF252E-3B2C-47F2-96D1-118E4B964226}"
EndProject
Global
	GlobalSection(SolutionConfigurationPlatforms) = preSolution
		Debug|Any CPU = Debug|Any CPU
		Release|Any CPU = Release|Any CPU
	EndGlobalSection
	GlobalSection(ProjectConfigurationPlatforms) = postSolution
		{2ECF252E-3B2C-47F2-96D1-118E4B964226}.Debug|Any CPU.ActiveCfg = Debug|Any CPU
		{2ECF252E-3B2C-47F2-96D1-118E4B964226}.Release|Any CPU.ActiveCfg = Release|Any CPU
	EndGlobalSection
	GlobalSection(SolutionProperties) = preSolution
		HideSolutionNode = FALSE
	EndGlobalSection
	GlobalSection(ExtensibilityGlobals) = postSolution
		SolutionGuid = {407E7FF3-7629-490A-B405-59BD39720FFA}
	EndGlobalSection
EndGlobal
