
Microsoft Visual Studio Solution File, Format Version 12.00
# Visual Studio Version 17
VisualStudioVersion = 17.1.32228.430
MinimumVisualStudioVersion = 10.0.40219.1
Project("{888888A0-9F3D-457C-B088-3A5042F75D52}") = "URL_load", "URL_load\URL_load.pyproj", "{963CE31A-D7C3-42FE-A80C-07D560F02D64}"
EndProject
Global
	GlobalSection(SolutionConfigurationPlatforms) = preSolution
		Debug|Any CPU = Debug|Any CPU
		Release|Any CPU = Release|Any CPU
	EndGlobalSection
	GlobalSection(ProjectConfigurationPlatforms) = postSolution
		{963CE31A-D7C3-42FE-A80C-07D560F02D64}.Debug|Any CPU.ActiveCfg = Debug|Any CPU
		{963CE31A-D7C3-42FE-A80C-07D560F02D64}.Release|Any CPU.ActiveCfg = Release|Any CPU
	EndGlobalSection
	GlobalSection(SolutionProperties) = preSolution
		HideSolutionNode = FALSE
	EndGlobalSection
	GlobalSection(ExtensibilityGlobals) = postSolution
		SolutionGuid = {7FD69CCC-2318-4E1F-B23A-A47C60E6A365}
	EndGlobalSection
EndGlobal
