
Microsoft Visual Studio Solution File, Format Version 12.00
# Visual Studio Version 17
VisualStudioVersion = 17.1.32228.430
MinimumVisualStudioVersion = 10.0.40219.1
Project("{888888A0-9F3D-457C-B088-3A5042F75D52}") = "Uncoding", "Uncoding\Uncoding.pyproj", "{1C4B13C6-6256-437A-A262-7FC646C57B03}"
EndProject
Global
	GlobalSection(SolutionConfigurationPlatforms) = preSolution
		Debug|Any CPU = Debug|Any CPU
		Release|Any CPU = Release|Any CPU
	EndGlobalSection
	GlobalSection(ProjectConfigurationPlatforms) = postSolution
		{1C4B13C6-6256-437A-A262-7FC646C57B03}.Debug|Any CPU.ActiveCfg = Debug|Any CPU
		{1C4B13C6-6256-437A-A262-7FC646C57B03}.Release|Any CPU.ActiveCfg = Release|Any CPU
	EndGlobalSection
	GlobalSection(SolutionProperties) = preSolution
		HideSolutionNode = FALSE
	EndGlobalSection
	GlobalSection(ExtensibilityGlobals) = postSolution
		SolutionGuid = {C2AD7854-EDDD-40F8-976D-07808355FCD3}
	EndGlobalSection
EndGlobal
