
Microsoft Visual Studio Solution File, Format Version 12.00
# Visual Studio Version 17
VisualStudioVersion = 17.1.32228.430
MinimumVisualStudioVersion = 10.0.40219.1
Project("{888888A0-9F3D-457C-B088-3A5042F75D52}") = "Class_with_one_name_func", "Class_with_one_name_func\Class_with_one_name_func.pyproj", "{2D89678A-B788-49EA-B3BD-EC30B5C32E1E}"
EndProject
Global
	GlobalSection(SolutionConfigurationPlatforms) = preSolution
		Debug|Any CPU = Debug|Any CPU
		Release|Any CPU = Release|Any CPU
	EndGlobalSection
	GlobalSection(ProjectConfigurationPlatforms) = postSolution
		{2D89678A-B788-49EA-B3BD-EC30B5C32E1E}.Debug|Any CPU.ActiveCfg = Debug|Any CPU
		{2D89678A-B788-49EA-B3BD-EC30B5C32E1E}.Release|Any CPU.ActiveCfg = Release|Any CPU
	EndGlobalSection
	GlobalSection(SolutionProperties) = preSolution
		HideSolutionNode = FALSE
	EndGlobalSection
	GlobalSection(ExtensibilityGlobals) = postSolution
		SolutionGuid = {F84E03EC-6047-4DB7-95E6-266CFEC1301D}
	EndGlobalSection
EndGlobal
