
Microsoft Visual Studio Solution File, Format Version 12.00
# Visual Studio Version 17
VisualStudioVersion = 17.1.32228.430
MinimumVisualStudioVersion = 10.0.40219.1
Project("{888888A0-9F3D-457C-B088-3A5042F75D52}") = "lambda", "lambda\lambda.pyproj", "{6E55D715-29C5-4F43-853F-A36087B098AE}"
EndProject
Global
	GlobalSection(SolutionConfigurationPlatforms) = preSolution
		Debug|Any CPU = Debug|Any CPU
		Release|Any CPU = Release|Any CPU
	EndGlobalSection
	GlobalSection(ProjectConfigurationPlatforms) = postSolution
		{6E55D715-29C5-4F43-853F-A36087B098AE}.Debug|Any CPU.ActiveCfg = Debug|Any CPU
		{6E55D715-29C5-4F43-853F-A36087B098AE}.Release|Any CPU.ActiveCfg = Release|Any CPU
	EndGlobalSection
	GlobalSection(SolutionProperties) = preSolution
		HideSolutionNode = FALSE
	EndGlobalSection
	GlobalSection(ExtensibilityGlobals) = postSolution
		SolutionGuid = {755AD712-EFF2-4EC6-8C6A-AC36DBDB390C}
	EndGlobalSection
EndGlobal
